
Microsoft Visual Studio Solution File, Format Version 12.00
# Visual Studio Version 17
VisualStudioVersion = 17.2.32616.157
MinimumVisualStudioVersion = 10.0.40219.1
Project("{FAE04EC0-301F-11D3-BF4B-00C04F79EFBC}") = "Atividade5", "Atividade5\Atividade5.csproj", "{DFAA73A3-095C-477E-AB0A-661687E151AD}"
EndProject
Global
	GlobalSection(SolutionConfigurationPlatforms) = preSolution
		Debug|Any CPU = Debug|Any CPU
		Release|Any CPU = Release|Any CPU
	EndGlobalSection
	GlobalSection(ProjectConfigurationPlatforms) = postSolution
		{DFAA73A3-095C-477E-AB0A-661687E151AD}.Debug|Any CPU.ActiveCfg = Debug|Any CPU
		{DFAA73A3-095C-477E-AB0A-661687E151AD}.Debug|Any CPU.Build.0 = Debug|Any CPU
		{DFAA73A3-095C-477E-AB0A-661687E151AD}.Release|Any CPU.ActiveCfg = Release|Any CPU
		{DFAA73A3-095C-477E-AB0A-661687E151AD}.Release|Any CPU.Build.0 = Release|Any CPU
	EndGlobalSection
	GlobalSection(SolutionProperties) = preSolution
		HideSolutionNode = FALSE
	EndGlobalSection
	GlobalSection(ExtensibilityGlobals) = postSolution
		SolutionGuid = {AAF7B748-E6A8-45B5-BF0F-7D85B7B157DB}
	EndGlobalSection
EndGlobal
